
Microsoft Visual Studio Solution File, Format Version 11.00
# Visual C++ Express 2010
Project("{8BC9CEB8-8B4A-11D0-8D11-00A0C91BC942}") = "testQT", "testQT\testQT.vcxproj", "{FCED8EB8-8751-415F-A75B-A6D8BD75D285}"
EndProject
Global
	GlobalSection(SolutionConfigurationPlatforms) = preSolution
		Debug|Win32 = Debug|Win32
		Release|Win32 = Release|Win32
	EndGlobalSection
	GlobalSection(ProjectConfigurationPlatforms) = postSolution
		{FCED8EB8-8751-415F-A75B-A6D8BD75D285}.Debug|Win32.ActiveCfg = Debug|Win32
		{FCED8EB8-8751-415F-A75B-A6D8BD75D285}.Debug|Win32.Build.0 = Debug|Win32
		{FCED8EB8-8751-415F-A75B-A6D8BD75D285}.Release|Win32.ActiveCfg = Release|Win32
		{FCED8EB8-8751-415F-A75B-A6D8BD75D285}.Release|Win32.Build.0 = Release|Win32
	EndGlobalSection
	GlobalSection(SolutionProperties) = preSolution
		HideSolutionNode = FALSE
	EndGlobalSection
EndGlobal
